
Microsoft Visual Studio Solution File, Format Version 12.00
# Visual Studio Version 17
VisualStudioVersion = 17.6.33723.286
MinimumVisualStudioVersion = 10.0.40219.1
Project("{FAE04EC0-301F-11D3-BF4B-00C04F79EFBC}") = "MathGame", "MathGame\MathGame.csproj", "{FBA7DC61-7C14-4F33-A549-16636ECDD587}"
EndProject
Global
	GlobalSection(SolutionConfigurationPlatforms) = preSolution
		Debug|Any CPU = Debug|Any CPU
		Release|Any CPU = Release|Any CPU
	EndGlobalSection
	GlobalSection(ProjectConfigurationPlatforms) = postSolution
		{FBA7DC61-7C14-4F33-A549-16636ECDD587}.Debug|Any CPU.ActiveCfg = Debug|Any CPU
		{FBA7DC61-7C14-4F33-A549-16636ECDD587}.Debug|Any CPU.Build.0 = Debug|Any CPU
		{FBA7DC61-7C14-4F33-A549-16636ECDD587}.Release|Any CPU.ActiveCfg = Release|Any CPU
		{FBA7DC61-7C14-4F33-A549-16636ECDD587}.Release|Any CPU.Build.0 = Release|Any CPU
	EndGlobalSection
	GlobalSection(SolutionProperties) = preSolution
		HideSolutionNode = FALSE
	EndGlobalSection
	GlobalSection(ExtensibilityGlobals) = postSolution
		SolutionGuid = {11ECA5A5-2F54-43E3-8846-2F67D3DBC09C}
	EndGlobalSection
EndGlobal
